
Microsoft Visual Studio Solution File, Format Version 12.00
# Visual Studio 15
VisualStudioVersion = 15.0.28010.2026
MinimumVisualStudioVersion = 10.0.40219.1
Project("{FAE04EC0-301F-11D3-BF4B-00C04F79EFBC}") = "Pizza Manager", "Pizza Manager\Pizza Manager.csproj", "{911E5893-0E74-4568-A3C0-455A3B17CDD0}"
EndProject
Global
	GlobalSection(SolutionConfigurationPlatforms) = preSolution
		Debug|Any CPU = Debug|Any CPU
		Release|Any CPU = Release|Any CPU
	EndGlobalSection
	GlobalSection(ProjectConfigurationPlatforms) = postSolution
		{911E5893-0E74-4568-A3C0-455A3B17CDD0}.Debug|Any CPU.ActiveCfg = Debug|Any CPU
		{911E5893-0E74-4568-A3C0-455A3B17CDD0}.Debug|Any CPU.Build.0 = Debug|Any CPU
		{911E5893-0E74-4568-A3C0-455A3B17CDD0}.Release|Any CPU.ActiveCfg = Release|Any CPU
		{911E5893-0E74-4568-A3C0-455A3B17CDD0}.Release|Any CPU.Build.0 = Release|Any CPU
	EndGlobalSection
	GlobalSection(SolutionProperties) = preSolution
		HideSolutionNode = FALSE
	EndGlobalSection
	GlobalSection(ExtensibilityGlobals) = postSolution
		SolutionGuid = {C7A41EB1-8EFA-44E4-9B14-D92EF15DFC48}
	EndGlobalSection
EndGlobal
